{
  "lockfileVersion": 1,
  "configVersion": 0,
  "workspaces": {
    "": {
      "name": "cvisor",
      "dependencies": {
        "detect-libc": "^2.0.3",
      },
      "devDependencies": {
        "@types/bun": "^1.3.9",
        "@types/node": "^25.2.0",
        "typescript": "^5.0.0",
      },
      "optionalDependencies": {
        "@cvisor/linux-arm64-gnu": "workspace:*",
        "@cvisor/linux-arm64-musl": "workspace:*",
        "@cvisor/linux-x64-gnu": "workspace:*",
        "@cvisor/linux-x64-musl": "workspace:*",
      },
    },
    "platforms/linux-arm64-gnu": {
      "name": "@cvisor/linux-arm64-gnu",
      "version": "0.0.4",
    },
    "platforms/linux-arm64-musl": {
      "name": "@cvisor/linux-arm64-musl",
      "version": "0.0.4",
    },
    "platforms/linux-x64-gnu": {
      "name": "@cvisor/linux-x64-gnu",
      "version": "0.0.4",
    },
    "platforms/linux-x64-musl": {
      "name": "@cvisor/linux-x64-musl",
      "version": "0.0.4",
    },
  },
  "packages": {
    "@cvisor/linux-arm64-gnu": ["@cvisor/linux-arm64-gnu@workspace:platforms/linux-arm64-gnu"],

    "@cvisor/linux-arm64-musl": ["@cvisor/linux-arm64-musl@workspace:platforms/linux-arm64-musl"],

    "@cvisor/linux-x64-gnu": ["@cvisor/linux-x64-gnu@workspace:platforms/linux-x64-gnu"],

    "@cvisor/linux-x64-musl": ["@cvisor/linux-x64-musl@workspace:platforms/linux-x64-musl"],

    "@types/bun": ["@types/bun@1.3.9", "", { "dependencies": { "bun-types": "1.3.9" } }, "sha512-KQ571yULOdWJiMH+RIWIOZ7B2RXQGpL1YQrBtLIV3FqDcCu6FsbFUBwhdKUlCKUpS3PJDsHlJ1QKlpxoVR+xtw=="],

    "@types/node": ["@types/node@25.2.0", "", { "dependencies": { "undici-types": "~7.16.0" } }, "sha512-DZ8VwRFUNzuqJ5khrvwMXHmvPe+zGayJhr2CDNiKB1WBE1ST8Djl00D0IC4vvNmHMdj6DlbYRIaFE7WHjlDl5w=="],

    "bun-types": ["bun-types@1.3.9", "", { "dependencies": { "@types/node": "*" } }, "sha512-+UBWWOakIP4Tswh0Bt0QD0alpTY8cb5hvgiYeWCMet9YukHbzuruIEeXC2D7nMJPB12kbh8C7XJykSexEqGKJg=="],

    "detect-libc": ["detect-libc@2.1.2", "", {}, "sha512-Btj2BOOO83o3WyH59e8MgXsxEQVcarkUOpEYrubB0urwnN10yQ364rsiByU11nZlqWYZm05i/of7io4mzihBtQ=="],

    "typescript": ["typescript@5.9.3", "", { "bin": { "tsc": "bin/tsc", "tsserver": "bin/tsserver" } }, "sha512-jl1vZzPDinLr9eUt3J/t7V6FgNEw9QjvBPdysz9KfQDD41fQrC2Y4vKQdiaUpFT4bXlb1RHhLpp8wtm6M5TgSw=="],

    "undici-types": ["undici-types@7.16.0", "", {}, "sha512-Zz+aZWSj8LE6zoxD+xrjh4VfkIG8Ya6LvYkZqtUQGJPZjYl53ypCaUwWqo7eI0x66KBGeRo+mlBEkMSeSZ38Nw=="],
  }
}
